
Microsoft Visual Studio Solution File, Format Version 12.00
# Visual Studio 2012
Project("{FAE04EC0-301F-11D3-BF4B-00C04F79EFBC}") = "CIL2Java", "CIL2Java\CIL2Java.csproj", "{E140F935-845A-4D05-A013-FA3DB544CFAC}"
	ProjectSection(ProjectDependencies) = postProject
		{63E6915C-7EA4-4D76-AB28-0D7191EEA626} = {63E6915C-7EA4-4D76-AB28-0D7191EEA626}
		{8559DD7F-A16F-46D0-A05A-9139FAEBA8FD} = {8559DD7F-A16F-46D0-A05A-9139FAEBA8FD}
	EndProjectSection
EndProject
Project("{FAE04EC0-301F-11D3-BF4B-00C04F79EFBC}") = "ICSharpCode.Decompiler", "ILSpy\ICSharpCode.Decompiler\ICSharpCode.Decompiler.csproj", "{984CC812-9470-4A13-AFF9-CC44068D666C}"
EndProject
Project("{2150E333-8FDC-42A3-9474-1A3956D46DE8}") = "ILSpy", "ILSpy", "{1D352BB2-B49A-4FB2-9259-FAEEBC217C13}"
EndProject
Project("{FAE04EC0-301F-11D3-BF4B-00C04F79EFBC}") = "ICSharpCode.NRefactory", "ILSpy\NRefactory\ICSharpCode.NRefactory\ICSharpCode.NRefactory.csproj", "{3B2A5653-EC97-4001-BB9B-D90F1AF2C371}"
EndProject
Project("{FAE04EC0-301F-11D3-BF4B-00C04F79EFBC}") = "ICSharpCode.NRefactory.CSharp", "ILSpy\NRefactory\ICSharpCode.NRefactory.CSharp\ICSharpCode.NRefactory.CSharp.csproj", "{53DCA265-3C3C-42F9-B647-F72BA678122B}"
EndProject
Project("{FAE04EC0-301F-11D3-BF4B-00C04F79EFBC}") = "Mono.Cecil", "ILSpy\Mono.Cecil\Mono.Cecil.csproj", "{D68133BD-1E63-496E-9EDE-4FBDBF77B486}"
EndProject
Project("{FAE04EC0-301F-11D3-BF4B-00C04F79EFBC}") = "corlib", "corlib\corlib.csproj", "{7F606665-4D6E-427F-87FC-660959FBD893}"
EndProject
Project("{FAE04EC0-301F-11D3-BF4B-00C04F79EFBC}") = "Mono.Cecil.Pdb", "ILSpy\Mono.Cecil\symbols\pdb\Mono.Cecil.Pdb.csproj", "{63E6915C-7EA4-4D76-AB28-0D7191EEA626}"
EndProject
Project("{FAE04EC0-301F-11D3-BF4B-00C04F79EFBC}") = "Mono.Cecil.Mdb", "ILSpy\Mono.Cecil\symbols\mdb\Mono.Cecil.Mdb.csproj", "{8559DD7F-A16F-46D0-A05A-9139FAEBA8FD}"
EndProject
Project("{2150E333-8FDC-42A3-9474-1A3956D46DE8}") = "StdLibs", "StdLibs", "{99FD8B5C-669D-4D2A-B886-9B0621EEAF11}"
EndProject
Project("{FAE04EC0-301F-11D3-BF4B-00C04F79EFBC}") = "c2j_System", "StdLibs\System\c2j_System.csproj", "{26B44D3A-9A7C-4F85-8085-AEE6466EFD6B}"
EndProject
Project("{FAE04EC0-301F-11D3-BF4B-00C04F79EFBC}") = "c2j_System.Core", "StdLibs\System.Core\c2j_System.Core.csproj", "{5BCD209E-F75E-4B31-8984-010446CE0BBA}"
EndProject
Global
	GlobalSection(SolutionConfigurationPlatforms) = preSolution
		Debug|Any CPU = Debug|Any CPU
		Release|Any CPU = Release|Any CPU
	EndGlobalSection
	GlobalSection(ProjectConfigurationPlatforms) = postSolution
		{E140F935-845A-4D05-A013-FA3DB544CFAC}.Debug|Any CPU.ActiveCfg = Debug|Any CPU
		{E140F935-845A-4D05-A013-FA3DB544CFAC}.Debug|Any CPU.Build.0 = Debug|Any CPU
		{E140F935-845A-4D05-A013-FA3DB544CFAC}.Release|Any CPU.ActiveCfg = Release|Any CPU
		{E140F935-845A-4D05-A013-FA3DB544CFAC}.Release|Any CPU.Build.0 = Release|Any CPU
		{984CC812-9470-4A13-AFF9-CC44068D666C}.Debug|Any CPU.ActiveCfg = Debug|Any CPU
		{984CC812-9470-4A13-AFF9-CC44068D666C}.Debug|Any CPU.Build.0 = Debug|Any CPU
		{984CC812-9470-4A13-AFF9-CC44068D666C}.Release|Any CPU.ActiveCfg = Release|Any CPU
		{984CC812-9470-4A13-AFF9-CC44068D666C}.Release|Any CPU.Build.0 = Release|Any CPU
		{3B2A5653-EC97-4001-BB9B-D90F1AF2C371}.Debug|Any CPU.ActiveCfg = Debug|Any CPU
		{3B2A5653-EC97-4001-BB9B-D90F1AF2C371}.Debug|Any CPU.Build.0 = Debug|Any CPU
		{3B2A5653-EC97-4001-BB9B-D90F1AF2C371}.Release|Any CPU.ActiveCfg = Release|Any CPU
		{3B2A5653-EC97-4001-BB9B-D90F1AF2C371}.Release|Any CPU.Build.0 = Release|Any CPU
		{53DCA265-3C3C-42F9-B647-F72BA678122B}.Debug|Any CPU.ActiveCfg = Debug|Any CPU
		{53DCA265-3C3C-42F9-B647-F72BA678122B}.Debug|Any CPU.Build.0 = Debug|Any CPU
		{53DCA265-3C3C-42F9-B647-F72BA678122B}.Release|Any CPU.ActiveCfg = Release|Any CPU
		{53DCA265-3C3C-42F9-B647-F72BA678122B}.Release|Any CPU.Build.0 = Release|Any CPU
		{D68133BD-1E63-496E-9EDE-4FBDBF77B486}.Debug|Any CPU.ActiveCfg = net_4_0_Debug|Any CPU
		{D68133BD-1E63-496E-9EDE-4FBDBF77B486}.Debug|Any CPU.Build.0 = net_4_0_Debug|Any CPU
		{D68133BD-1E63-496E-9EDE-4FBDBF77B486}.Release|Any CPU.ActiveCfg = net_4_0_Release|Any CPU
		{D68133BD-1E63-496E-9EDE-4FBDBF77B486}.Release|Any CPU.Build.0 = net_4_0_Release|Any CPU
		{7F606665-4D6E-427F-87FC-660959FBD893}.Debug|Any CPU.ActiveCfg = Debug|Any CPU
		{7F606665-4D6E-427F-87FC-660959FBD893}.Debug|Any CPU.Build.0 = Debug|Any CPU
		{7F606665-4D6E-427F-87FC-660959FBD893}.Release|Any CPU.ActiveCfg = Release|Any CPU
		{7F606665-4D6E-427F-87FC-660959FBD893}.Release|Any CPU.Build.0 = Release|Any CPU
		{63E6915C-7EA4-4D76-AB28-0D7191EEA626}.Debug|Any CPU.ActiveCfg = net_4_0_Debug|Any CPU
		{63E6915C-7EA4-4D76-AB28-0D7191EEA626}.Debug|Any CPU.Build.0 = net_4_0_Debug|Any CPU
		{63E6915C-7EA4-4D76-AB28-0D7191EEA626}.Release|Any CPU.ActiveCfg = net_4_0_Release|Any CPU
		{63E6915C-7EA4-4D76-AB28-0D7191EEA626}.Release|Any CPU.Build.0 = net_4_0_Release|Any CPU
		{8559DD7F-A16F-46D0-A05A-9139FAEBA8FD}.Debug|Any CPU.ActiveCfg = net_4_0_Debug|Any CPU
		{8559DD7F-A16F-46D0-A05A-9139FAEBA8FD}.Debug|Any CPU.Build.0 = net_4_0_Debug|Any CPU
		{8559DD7F-A16F-46D0-A05A-9139FAEBA8FD}.Release|Any CPU.ActiveCfg = net_4_0_Release|Any CPU
		{8559DD7F-A16F-46D0-A05A-9139FAEBA8FD}.Release|Any CPU.Build.0 = net_4_0_Release|Any CPU
		{26B44D3A-9A7C-4F85-8085-AEE6466EFD6B}.Debug|Any CPU.ActiveCfg = Debug|Any CPU
		{26B44D3A-9A7C-4F85-8085-AEE6466EFD6B}.Debug|Any CPU.Build.0 = Debug|Any CPU
		{26B44D3A-9A7C-4F85-8085-AEE6466EFD6B}.Release|Any CPU.ActiveCfg = Release|Any CPU
		{26B44D3A-9A7C-4F85-8085-AEE6466EFD6B}.Release|Any CPU.Build.0 = Release|Any CPU
		{5BCD209E-F75E-4B31-8984-010446CE0BBA}.Debug|Any CPU.ActiveCfg = Debug|Any CPU
		{5BCD209E-F75E-4B31-8984-010446CE0BBA}.Debug|Any CPU.Build.0 = Debug|Any CPU
		{5BCD209E-F75E-4B31-8984-010446CE0BBA}.Release|Any CPU.ActiveCfg = Release|Any CPU
		{5BCD209E-F75E-4B31-8984-010446CE0BBA}.Release|Any CPU.Build.0 = Release|Any CPU
	EndGlobalSection
	GlobalSection(SolutionProperties) = preSolution
		HideSolutionNode = FALSE
	EndGlobalSection
	GlobalSection(NestedProjects) = preSolution
		{984CC812-9470-4A13-AFF9-CC44068D666C} = {1D352BB2-B49A-4FB2-9259-FAEEBC217C13}
		{3B2A5653-EC97-4001-BB9B-D90F1AF2C371} = {1D352BB2-B49A-4FB2-9259-FAEEBC217C13}
		{53DCA265-3C3C-42F9-B647-F72BA678122B} = {1D352BB2-B49A-4FB2-9259-FAEEBC217C13}
		{D68133BD-1E63-496E-9EDE-4FBDBF77B486} = {1D352BB2-B49A-4FB2-9259-FAEEBC217C13}
		{63E6915C-7EA4-4D76-AB28-0D7191EEA626} = {1D352BB2-B49A-4FB2-9259-FAEEBC217C13}
		{8559DD7F-A16F-46D0-A05A-9139FAEBA8FD} = {1D352BB2-B49A-4FB2-9259-FAEEBC217C13}
		{26B44D3A-9A7C-4F85-8085-AEE6466EFD6B} = {99FD8B5C-669D-4D2A-B886-9B0621EEAF11}
		{5BCD209E-F75E-4B31-8984-010446CE0BBA} = {99FD8B5C-669D-4D2A-B886-9B0621EEAF11}
	EndGlobalSection
EndGlobal
